
Microsoft Visual Studio Solution File, Format Version 12.00
# Visual Studio Version 17
VisualStudioVersion = 17.0.32112.339
MinimumVisualStudioVersion = 10.0.40219.1
Project("{FAE04EC0-301F-11D3-BF4B-00C04F79EFBC}") = "CalculadoraSimples", "CalculadoraSimples\CalculadoraSimples.csproj", "{A9239142-7F8F-4253-9AC7-C3635800F035}"
EndProject
Global
	GlobalSection(SolutionConfigurationPlatforms) = preSolution
		Debug|Any CPU = Debug|Any CPU
		Release|Any CPU = Release|Any CPU
	EndGlobalSection
	GlobalSection(ProjectConfigurationPlatforms) = postSolution
		{A9239142-7F8F-4253-9AC7-C3635800F035}.Debug|Any CPU.ActiveCfg = Debug|Any CPU
		{A9239142-7F8F-4253-9AC7-C3635800F035}.Debug|Any CPU.Build.0 = Debug|Any CPU
		{A9239142-7F8F-4253-9AC7-C3635800F035}.Release|Any CPU.ActiveCfg = Release|Any CPU
		{A9239142-7F8F-4253-9AC7-C3635800F035}.Release|Any CPU.Build.0 = Release|Any CPU
	EndGlobalSection
	GlobalSection(SolutionProperties) = preSolution
		HideSolutionNode = FALSE
	EndGlobalSection
	GlobalSection(ExtensibilityGlobals) = postSolution
		SolutionGuid = {F900FC59-186E-4228-A304-66BA27CBB503}
	EndGlobalSection
EndGlobal
